
Microsoft Visual Studio Solution File, Format Version 12.00
# Visual Studio Version 17
VisualStudioVersion = 17.3.32929.385
MinimumVisualStudioVersion = 10.0.40219.1
Project("{FAE04EC0-301F-11D3-BF4B-00C04F79EFBC}") = "Ejercico1_1.Android", "Ejercico1_1\Ejercico1_1.Android\Ejercico1_1.Android.csproj", "{FE6A324C-50F5-466D-A1D6-046D50038443}"
EndProject
Project("{FAE04EC0-301F-11D3-BF4B-00C04F79EFBC}") = "Ejercico1_1", "Ejercico1_1\Ejercico1_1\Ejercico1_1.csproj", "{1B7DBA33-8B05-4167-933C-CDAD5048FE60}"
EndProject
Global
	GlobalSection(SolutionConfigurationPlatforms) = preSolution
		Debug|Any CPU = Debug|Any CPU
		Release|Any CPU = Release|Any CPU
	EndGlobalSection
	GlobalSection(ProjectConfigurationPlatforms) = postSolution
		{FE6A324C-50F5-466D-A1D6-046D50038443}.Debug|Any CPU.ActiveCfg = Debug|Any CPU
		{FE6A324C-50F5-466D-A1D6-046D50038443}.Debug|Any CPU.Build.0 = Debug|Any CPU
		{FE6A324C-50F5-466D-A1D6-046D50038443}.Debug|Any CPU.Deploy.0 = Debug|Any CPU
		{FE6A324C-50F5-466D-A1D6-046D50038443}.Release|Any CPU.ActiveCfg = Release|Any CPU
		{FE6A324C-50F5-466D-A1D6-046D50038443}.Release|Any CPU.Build.0 = Release|Any CPU
		{FE6A324C-50F5-466D-A1D6-046D50038443}.Release|Any CPU.Deploy.0 = Release|Any CPU
		{1B7DBA33-8B05-4167-933C-CDAD5048FE60}.Debug|Any CPU.ActiveCfg = Debug|Any CPU
		{1B7DBA33-8B05-4167-933C-CDAD5048FE60}.Debug|Any CPU.Build.0 = Debug|Any CPU
		{1B7DBA33-8B05-4167-933C-CDAD5048FE60}.Debug|Any CPU.Deploy.0 = Debug|Any CPU
		{1B7DBA33-8B05-4167-933C-CDAD5048FE60}.Release|Any CPU.ActiveCfg = Release|Any CPU
		{1B7DBA33-8B05-4167-933C-CDAD5048FE60}.Release|Any CPU.Build.0 = Release|Any CPU
		{1B7DBA33-8B05-4167-933C-CDAD5048FE60}.Release|Any CPU.Deploy.0 = Release|Any CPU
	EndGlobalSection
	GlobalSection(SolutionProperties) = preSolution
		HideSolutionNode = FALSE
	EndGlobalSection
	GlobalSection(ExtensibilityGlobals) = postSolution
		SolutionGuid = {6E76A8BF-B485-461C-BE33-03C21E52E4BB}
	EndGlobalSection
EndGlobal
